
Microsoft Visual Studio Solution File, Format Version 12.00
# Visual Studio 2012
Project("{FAE04EC0-301F-11D3-BF4B-00C04F79EFBC}") = "Minitest1", "Minitest1\Minitest1.csproj", "{AD8E1B4D-96B4-4C2C-AB73-15FC083E7C21}"
EndProject
Global
	GlobalSection(SolutionConfigurationPlatforms) = preSolution
		Debug|Any CPU = Debug|Any CPU
		Release|Any CPU = Release|Any CPU
	EndGlobalSection
	GlobalSection(ProjectConfigurationPlatforms) = postSolution
		{AD8E1B4D-96B4-4C2C-AB73-15FC083E7C21}.Debug|Any CPU.ActiveCfg = Debug|Any CPU
		{AD8E1B4D-96B4-4C2C-AB73-15FC083E7C21}.Debug|Any CPU.Build.0 = Debug|Any CPU
		{AD8E1B4D-96B4-4C2C-AB73-15FC083E7C21}.Release|Any CPU.ActiveCfg = Release|Any CPU
		{AD8E1B4D-96B4-4C2C-AB73-15FC083E7C21}.Release|Any CPU.Build.0 = Release|Any CPU
	EndGlobalSection
	GlobalSection(SolutionProperties) = preSolution
		HideSolutionNode = FALSE
	EndGlobalSection
EndGlobal
